// !$*UTF8*$!
{
	archiveVersion = 1;
	classes = {
	};
	objectVersion = 60;
	objects = {

/* Begin PBXBuildFile section */
		B00000000000000000000001 /* OCR_TranslateApp.swift in Sources */ = {isa = PBXBuildFile; fileRef = F00000000000000000000001 /* OCR_TranslateApp.swift */; };
		B00000000000000000000002 /* OCRResult.swift in Sources */ = {isa = PBXBuildFile; fileRef = F00000000000000000000002 /* OCRResult.swift */; };
		B00000000000000000000003 /* TranslationResult.swift in Sources */ = {isa = PBXBuildFile; fileRef = F00000000000000000000003 /* TranslationResult.swift */; };
		B00000000000000000000004 /* AnalysisResult.swift in Sources */ = {isa = PBXBuildFile; fileRef = F00000000000000000000004 /* AnalysisResult.swift */; };
		B00000000000000000000015 /* AIProvider.swift in Sources */ = {isa = PBXBuildFile; fileRef = F00000000000000000000015 /* AIProvider.swift */; };
		B00000000000000000000005 /* ScreenshotManager.swift in Sources */ = {isa = PBXBuildFile; fileRef = F00000000000000000000005 /* ScreenshotManager.swift */; };
		B00000000000000000000006 /* APIKeyStore.swift in Sources */ = {isa = PBXBuildFile; fileRef = F00000000000000000000006 /* APIKeyStore.swift */; };
		B00000000000000000000007 /* ImageLoader.swift in Sources */ = {isa = PBXBuildFile; fileRef = F00000000000000000000007 /* ImageLoader.swift */; };
		B00000000000000000000017 /* GlossaryStore.swift in Sources */ = {isa = PBXBuildFile; fileRef = F00000000000000000000017 /* GlossaryStore.swift */; };
		B00000000000000000000008 /* OCRService.swift in Sources */ = {isa = PBXBuildFile; fileRef = F00000000000000000000008 /* OCRService.swift */; };
		B00000000000000000000009 /* DeepSeekService.swift in Sources */ = {isa = PBXBuildFile; fileRef = F00000000000000000000009 /* DeepSeekService.swift */; };
		B0000000000000000000000A /* TranslationService.swift in Sources */ = {isa = PBXBuildFile; fileRef = F0000000000000000000000A /* TranslationService.swift */; };
		B0000000000000000000000B /* AnalysisService.swift in Sources */ = {isa = PBXBuildFile; fileRef = F0000000000000000000000B /* AnalysisService.swift */; };
		B00000000000000000000013 /* VocabularyService.swift in Sources */ = {isa = PBXBuildFile; fileRef = F00000000000000000000013 /* VocabularyService.swift */; };
		B0000000000000000000000C /* ContentView.swift in Sources */ = {isa = PBXBuildFile; fileRef = F0000000000000000000000C /* ContentView.swift */; };
		B0000000000000000000000D /* OCRResultView.swift in Sources */ = {isa = PBXBuildFile; fileRef = F0000000000000000000000D /* OCRResultView.swift */; };
		B0000000000000000000000E /* TranslationResultView.swift in Sources */ = {isa = PBXBuildFile; fileRef = F0000000000000000000000E /* TranslationResultView.swift */; };
		B0000000000000000000000F /* AnalysisView.swift in Sources */ = {isa = PBXBuildFile; fileRef = F0000000000000000000000F /* AnalysisView.swift */; };
		B00000000000000000000010 /* SettingsView.swift in Sources */ = {isa = PBXBuildFile; fileRef = F00000000000000000000010 /* SettingsView.swift */; };
		B00000000000000000000012 /* CroppableImageView.swift in Sources */ = {isa = PBXBuildFile; fileRef = F00000000000000000000012 /* CroppableImageView.swift */; };
		B00000000000000000000014 /* VocabularyLookupView.swift in Sources */ = {isa = PBXBuildFile; fileRef = F00000000000000000000014 /* VocabularyLookupView.swift */; };
		B00000000000000000000016 /* ZoomableImageView.swift in Sources */ = {isa = PBXBuildFile; fileRef = F00000000000000000000016 /* ZoomableImageView.swift */; };
/* End PBXBuildFile section */

/* Begin PBXFileReference section */
		F00000000000000000000001 /* OCR_TranslateApp.swift */ = {isa = PBXFileReference; lastKnownFileType = sourcecode.swift; path = OCR_TranslateApp.swift; sourceTree = "<group>"; };
		F00000000000000000000002 /* OCRResult.swift */ = {isa = PBXFileReference; lastKnownFileType = sourcecode.swift; path = OCRResult.swift; sourceTree = "<group>"; };
		F00000000000000000000003 /* TranslationResult.swift */ = {isa = PBXFileReference; lastKnownFileType = sourcecode.swift; path = TranslationResult.swift; sourceTree = "<group>"; };
		F00000000000000000000004 /* AnalysisResult.swift */ = {isa = PBXFileReference; lastKnownFileType = sourcecode.swift; path = AnalysisResult.swift; sourceTree = "<group>"; };
		F00000000000000000000015 /* AIProvider.swift */ = {isa = PBXFileReference; lastKnownFileType = sourcecode.swift; path = AIProvider.swift; sourceTree = "<group>"; };
		F00000000000000000000005 /* ScreenshotManager.swift */ = {isa = PBXFileReference; lastKnownFileType = sourcecode.swift; path = ScreenshotManager.swift; sourceTree = "<group>"; };
		F00000000000000000000006 /* APIKeyStore.swift */ = {isa = PBXFileReference; lastKnownFileType = sourcecode.swift; path = APIKeyStore.swift; sourceTree = "<group>"; };
		F00000000000000000000007 /* ImageLoader.swift */ = {isa = PBXFileReference; lastKnownFileType = sourcecode.swift; path = ImageLoader.swift; sourceTree = "<group>"; };
		F00000000000000000000017 /* GlossaryStore.swift */ = {isa = PBXFileReference; lastKnownFileType = sourcecode.swift; path = GlossaryStore.swift; sourceTree = "<group>"; };
		F00000000000000000000008 /* OCRService.swift */ = {isa = PBXFileReference; lastKnownFileType = sourcecode.swift; path = OCRService.swift; sourceTree = "<group>"; };
		F00000000000000000000009 /* DeepSeekService.swift */ = {isa = PBXFileReference; lastKnownFileType = sourcecode.swift; path = DeepSeekService.swift; sourceTree = "<group>"; };
		F0000000000000000000000A /* TranslationService.swift */ = {isa = PBXFileReference; lastKnownFileType = sourcecode.swift; path = TranslationService.swift; sourceTree = "<group>"; };
		F0000000000000000000000B /* AnalysisService.swift */ = {isa = PBXFileReference; lastKnownFileType = sourcecode.swift; path = AnalysisService.swift; sourceTree = "<group>"; };
		F00000000000000000000013 /* VocabularyService.swift */ = {isa = PBXFileReference; lastKnownFileType = sourcecode.swift; path = VocabularyService.swift; sourceTree = "<group>"; };
		F0000000000000000000000C /* ContentView.swift */ = {isa = PBXFileReference; lastKnownFileType = sourcecode.swift; path = ContentView.swift; sourceTree = "<group>"; };
		F0000000000000000000000D /* OCRResultView.swift */ = {isa = PBXFileReference; lastKnownFileType = sourcecode.swift; path = OCRResultView.swift; sourceTree = "<group>"; };
		F0000000000000000000000E /* TranslationResultView.swift */ = {isa = PBXFileReference; lastKnownFileType = sourcecode.swift; path = TranslationResultView.swift; sourceTree = "<group>"; };
		F0000000000000000000000F /* AnalysisView.swift */ = {isa = PBXFileReference; lastKnownFileType = sourcecode.swift; path = AnalysisView.swift; sourceTree = "<group>"; };
		F00000000000000000000010 /* SettingsView.swift */ = {isa = PBXFileReference; lastKnownFileType = sourcecode.swift; path = SettingsView.swift; sourceTree = "<group>"; };
		F00000000000000000000011 /* Info.plist */ = {isa = PBXFileReference; lastKnownFileType = text.plist.xml; path = Info.plist; sourceTree = "<group>"; };
		F00000000000000000000012 /* CroppableImageView.swift */ = {isa = PBXFileReference; lastKnownFileType = sourcecode.swift; path = CroppableImageView.swift; sourceTree = "<group>"; };
		F00000000000000000000014 /* VocabularyLookupView.swift */ = {isa = PBXFileReference; lastKnownFileType = sourcecode.swift; path = VocabularyLookupView.swift; sourceTree = "<group>"; };
		F00000000000000000000016 /* ZoomableImageView.swift */ = {isa = PBXFileReference; lastKnownFileType = sourcecode.swift; path = ZoomableImageView.swift; sourceTree = "<group>"; };
		R00000000000000000000001 /* OCR-Translate.app */ = {isa = PBXFileReference; explicitFileType = wrapper.application; includeInIndex = 0; path = "OCR-Translate.app"; sourceTree = BUILT_PRODUCTS_DIR; };
/* End PBXFileReference section */

/* Begin PBXFrameworksBuildPhase section */
		P00000000000000000000002 /* Frameworks */ = {
			isa = PBXFrameworksBuildPhase;
			buildActionMask = 2147483647;
			files = (
			);
			runOnlyForDeploymentPostprocessing = 0;
		};
/* End PBXFrameworksBuildPhase section */

/* Begin PBXGroup section */
		G00000000000000000000008 /* Assets */ = {isa = PBXGroup; children = (); path = "Assets.xcassets"; sourceTree = "<group>"; };
		G00000000000000000000001 /* OCR-Translate */ = {
			isa = PBXGroup;
			children = (
				G00000000000000000000002 /* App */,
				G00000000000000000000003 /* Models */,
				G00000000000000000000004 /* Views */,
				G00000000000000000000005 /* Services */,
				G00000000000000000000006 /* Utilities */,
				G00000000000000000000007 /* Products */,
			);
			path = "OCR-Translate";
			sourceTree = "<group>";
		};
		G00000000000000000000002 /* App */ = {
			isa = PBXGroup;
			children = (
				F00000000000000000000001 /* OCR_TranslateApp.swift */,
				F00000000000000000000011 /* Info.plist */,
			);
			path = App;
			sourceTree = "<group>";
		};
		G00000000000000000000003 /* Models */ = {
			isa = PBXGroup;
			children = (
				F00000000000000000000002 /* OCRResult.swift */,
				F00000000000000000000003 /* TranslationResult.swift */,
				F00000000000000000000004 /* AnalysisResult.swift */,
				F00000000000000000000015 /* AIProvider.swift */,
			);
			path = Models;
			sourceTree = "<group>";
		};
		G00000000000000000000004 /* Views */ = {
			isa = PBXGroup;
			children = (
				F0000000000000000000000C /* ContentView.swift */,
				F0000000000000000000000D /* OCRResultView.swift */,
				F0000000000000000000000E /* TranslationResultView.swift */,
				F0000000000000000000000F /* AnalysisView.swift */,
				F00000000000000000000010 /* SettingsView.swift */,
				F00000000000000000000012 /* CroppableImageView.swift */,
				F00000000000000000000014 /* VocabularyLookupView.swift */,
				F00000000000000000000016 /* ZoomableImageView.swift */,
			);
			path = Views;
			sourceTree = "<group>";
		};
		G00000000000000000000005 /* Services */ = {
			isa = PBXGroup;
			children = (
				F00000000000000000000008 /* OCRService.swift */,
				F00000000000000000000009 /* DeepSeekService.swift */,
				F0000000000000000000000A /* TranslationService.swift */,
				F0000000000000000000000B /* AnalysisService.swift */,
					F00000000000000000000013 /* VocabularyService.swift */,
			);
			path = Services;
			sourceTree = "<group>";
		};
		G00000000000000000000006 /* Utilities */ = {
			isa = PBXGroup;
			children = (
				F00000000000000000000005 /* ScreenshotManager.swift */,
				F00000000000000000000006 /* KeychainManager.swift */,
				F00000000000000000000007 /* ImageLoader.swift */,
				F00000000000000000000017 /* GlossaryStore.swift */,
			);
			path = Utilities;
			sourceTree = "<group>";
		};
		G00000000000000000000007 /* Products */ = {
			isa = PBXGroup;
			children = (
				R00000000000000000000001 /* OCR-Translate.app */,
			);
			name = Products;
			sourceTree = "<group>";
		};
/* End PBXGroup section */

/* Begin PBXNativeTarget section */
		T00000000000000000000001 /* OCR-Translate */ = {
			isa = PBXNativeTarget;
			buildConfigurationList = L00000000000000000000002 /* Build configuration list for PBXNativeTarget "OCR-Translate" */;
			buildPhases = (
				P00000000000000000000001 /* Sources */,
				P00000000000000000000002 /* Frameworks */,
				P00000000000000000000003 /* Resources */,
			);
			buildRules = (
			);
			dependencies = (
			);
			name = "OCR-Translate";
			productName = "OCR-Translate";
			productReference = R00000000000000000000001 /* OCR-Translate.app */;
			productType = "com.apple.product-type.application";
		};
/* End PBXNativeTarget section */

/* Begin PBXProject section */
		J00000000000000000000001 /* Project object */ = {
			isa = PBXProject;
			attributes = {
				BuildIndependentTargetsInParallel = YES;
				LastSwiftUpdateCheck = 2600;
				LastUpgradeCheck = 2650;
			};
			buildConfigurationList = L00000000000000000000001 /* Build configuration list for PBXProject "OCR-Translate" */;
			compatibilityVersion = "Xcode 15.0";
			developmentRegion = "zh-Hans";
			hasScannedForEncodings = 0;
			knownRegions = (
				en,
				"zh-Hans",
				"zh-Hant",
				ja,
				Base,
			);
			mainGroup = G00000000000000000000001 /* OCR-Translate */;
			productRefGroup = G00000000000000000000007 /* Products */;
			projectDirPath = "";
			projectRoot = "";
			targets = (
				T00000000000000000000001 /* OCR-Translate */,
			);
		};
/* End PBXProject section */

/* Begin PBXResourcesBuildPhase section */
		P00000000000000000000003 /* Resources */ = {
			isa = PBXResourcesBuildPhase;
			buildActionMask = 2147483647;
			files = (
			);
			runOnlyForDeploymentPostprocessing = 0;
		};
/* End PBXResourcesBuildPhase section */

/* Begin PBXSourcesBuildPhase section */
		P00000000000000000000001 /* Sources */ = {
			isa = PBXSourcesBuildPhase;
			buildActionMask = 2147483647;
			files = (
				B00000000000000000000001 /* OCR_TranslateApp.swift in Sources */,
				B00000000000000000000002 /* OCRResult.swift in Sources */,
				B00000000000000000000003 /* TranslationResult.swift in Sources */,
				B00000000000000000000015 /* AIProvider.swift in Sources */,
				B00000000000000000000004 /* AnalysisResult.swift in Sources */,
				B00000000000000000000005 /* ScreenshotManager.swift in Sources */,
				B00000000000000000000006 /* KeychainManager.swift in Sources */,
				B00000000000000000000017 /* GlossaryStore.swift in Sources */,
				B00000000000000000000007 /* ImageLoader.swift in Sources */,
				B00000000000000000000008 /* OCRService.swift in Sources */,
				B00000000000000000000009 /* DeepSeekService.swift in Sources */,
				B0000000000000000000000A /* TranslationService.swift in Sources */,
				B0000000000000000000000B /* AnalysisService.swift in Sources */,
				B0000000000000000000000C /* ContentView.swift in Sources */,
				B0000000000000000000000D /* OCRResultView.swift in Sources */,
				B0000000000000000000000E /* TranslationResultView.swift in Sources */,
				B0000000000000000000000F /* AnalysisView.swift in Sources */,
				B00000000000000000000010 /* SettingsView.swift in Sources */,
				B00000000000000000000013 /* VocabularyService.swift in Sources */,
				B00000000000000000000016 /* ZoomableImageView.swift in Sources */,
				B00000000000000000000014 /* VocabularyLookupView.swift in Sources */,
				B00000000000000000000012 /* CroppableImageView.swift in Sources */,
			);
			runOnlyForDeploymentPostprocessing = 0;
		};
/* End PBXSourcesBuildPhase section */

/* Begin XCBuildConfiguration section */
		C00000000000000000000001 /* Debug */ = {
			isa = XCBuildConfiguration;
			buildSettings = {
				ALWAYS_SEARCH_USER_PATHS = NO;
				ASSETCATALOG_COMPILER_GENERATE_SWIFT_ASSET_SYMBOL_EXTENSIONS = YES;
				CLANG_ANALYZER_LOCALIZABILITY_NONLOCALIZED = YES;
				CLANG_ANALYZER_NONNULL = YES;
				CLANG_ANALYZER_NUMBER_OBJECT_CONVERSION = YES_AGGRESSIVE;
				CLANG_CXX_LANGUAGE_STANDARD = "gnu++20";
				CLANG_ENABLE_MODULES = YES;
				CLANG_ENABLE_OBJC_ARC = YES;
				CLANG_ENABLE_OBJC_WEAK = YES;
				CLANG_WARN_BLOCK_CAPTURE_AUTORELEASING = YES;
				CLANG_WARN_BOOL_CONVERSION = YES;
				CLANG_WARN_COMMA = YES;
				CLANG_WARN_CONSTANT_CONVERSION = YES;
				CLANG_WARN_DEPRECATED_OBJC_IMPLEMENTATIONS = YES;
				CLANG_WARN_DIRECT_OBJC_ISA_USAGE = YES_ERROR;
				CLANG_WARN_DOCUMENTATION_COMMENTS = YES;
				CLANG_WARN_EMPTY_BODY = YES;
				CLANG_WARN_ENUM_CONVERSION = YES;
				CLANG_WARN_INFINITE_RECURSION = YES;
				CLANG_WARN_INT_CONVERSION = YES;
				CLANG_WARN_NON_LITERAL_NULL_CONVERSION = YES;
				CLANG_WARN_OBJC_IMPLICIT_RETAIN_SELF = YES;
				CLANG_WARN_OBJC_LITERAL_CONVERSION = YES;
				CLANG_WARN_OBJC_ROOT_CLASS = YES_ERROR;
				CLANG_WARN_QUOTED_INCLUDE_IN_FRAMEWORK_HEADER = YES;
				CLANG_WARN_RANGE_LOOP_ANALYSIS = YES;
				CLANG_WARN_STRICT_PROTOTYPES = YES;
				CLANG_WARN_SUSPICIOUS_MOVE = YES;
				CLANG_WARN_UNGUARDED_AVAILABILITY = YES_AGGRESSIVE;
				CLANG_WARN_UNREACHABLE_CODE = YES;
				CLANG_WARN__DUPLICATE_METHOD_MATCH = YES;
				COPY_PHASE_STRIP = NO;
				DEAD_CODE_STRIPPING = YES;
				DEBUG_INFORMATION_FORMAT = dwarf;
				ENABLE_STRICT_OBJC_MSGSEND = YES;
				ENABLE_TESTABILITY = YES;
				ENABLE_USER_SCRIPT_SANDBOXING = YES;
				GCC_C_LANGUAGE_STANDARD = gnu17;
				GCC_DYNAMIC_NO_PIC = NO;
				GCC_NO_COMMON_BLOCKS = YES;
				GCC_OPTIMIZATION_LEVEL = 0;
				GCC_PREPROCESSOR_DEFINITIONS = (
					"DEBUG=1",
					"$(inherited)",
				);
				GCC_WARN_64_TO_32_BIT_CONVERSION = YES;
				GCC_WARN_ABOUT_RETURN_TYPE = YES_ERROR;
				GCC_WARN_UNDECLARED_SELECTOR = YES;
				GCC_WARN_UNINITIALIZED_AUTOS = YES_AGGRESSIVE;
				GCC_WARN_UNUSED_FUNCTION = YES;
				GCC_WARN_UNUSED_VARIABLE = YES;
				LOCALIZATION_PREFERS_STRING_CATALOGS = YES;
				MACOSX_DEPLOYMENT_TARGET = 14.0;
				MTL_ENABLE_DEBUG_INFO = INCLUDE_SOURCE;
				MTL_FAST_MATH = YES;
				ONLY_ACTIVE_ARCH = YES;
				SDKROOT = macosx;
				STRING_CATALOG_GENERATE_SYMBOLS = YES;
				SWIFT_ACTIVE_COMPILATION_CONDITIONS = DEBUG;
				SWIFT_OPTIMIZATION_LEVEL = "-Onone";
			};
			name = Debug;
		};
		C00000000000000000000002 /* Release */ = {
			isa = XCBuildConfiguration;
			buildSettings = {
				ALWAYS_SEARCH_USER_PATHS = NO;
				ASSETCATALOG_COMPILER_GENERATE_SWIFT_ASSET_SYMBOL_EXTENSIONS = YES;
				CLANG_ANALYZER_LOCALIZABILITY_NONLOCALIZED = YES;
				CLANG_ANALYZER_NONNULL = YES;
				CLANG_ANALYZER_NUMBER_OBJECT_CONVERSION = YES_AGGRESSIVE;
				CLANG_CXX_LANGUAGE_STANDARD = "gnu++20";
				CLANG_ENABLE_MODULES = YES;
				CLANG_ENABLE_OBJC_ARC = YES;
				CLANG_ENABLE_OBJC_WEAK = YES;
				CLANG_WARN_BLOCK_CAPTURE_AUTORELEASING = YES;
				CLANG_WARN_BOOL_CONVERSION = YES;
				CLANG_WARN_COMMA = YES;
				CLANG_WARN_CONSTANT_CONVERSION = YES;
				CLANG_WARN_DEPRECATED_OBJC_IMPLEMENTATIONS = YES;
				CLANG_WARN_DIRECT_OBJC_ISA_USAGE = YES_ERROR;
				CLANG_WARN_DOCUMENTATION_COMMENTS = YES;
				CLANG_WARN_EMPTY_BODY = YES;
				CLANG_WARN_ENUM_CONVERSION = YES;
				CLANG_WARN_INFINITE_RECURSION = YES;
				CLANG_WARN_INT_CONVERSION = YES;
				CLANG_WARN_NON_LITERAL_NULL_CONVERSION = YES;
				CLANG_WARN_OBJC_IMPLICIT_RETAIN_SELF = YES;
				CLANG_WARN_OBJC_LITERAL_CONVERSION = YES;
				CLANG_WARN_OBJC_ROOT_CLASS = YES_ERROR;
				CLANG_WARN_QUOTED_INCLUDE_IN_FRAMEWORK_HEADER = YES;
				CLANG_WARN_RANGE_LOOP_ANALYSIS = YES;
				CLANG_WARN_STRICT_PROTOTYPES = YES;
				CLANG_WARN_SUSPICIOUS_MOVE = YES;
				CLANG_WARN_UNGUARDED_AVAILABILITY = YES_AGGRESSIVE;
				CLANG_WARN_UNREACHABLE_CODE = YES;
				CLANG_WARN__DUPLICATE_METHOD_MATCH = YES;
				COPY_PHASE_STRIP = NO;
				DEAD_CODE_STRIPPING = YES;
				DEBUG_INFORMATION_FORMAT = "dwarf-with-dsym";
				ENABLE_NS_ASSERTIONS = NO;
				ENABLE_STRICT_OBJC_MSGSEND = YES;
				ENABLE_USER_SCRIPT_SANDBOXING = YES;
				GCC_C_LANGUAGE_STANDARD = gnu17;
				GCC_NO_COMMON_BLOCKS = YES;
				GCC_WARN_64_TO_32_BIT_CONVERSION = YES;
				GCC_WARN_ABOUT_RETURN_TYPE = YES_ERROR;
				GCC_WARN_UNDECLARED_SELECTOR = YES;
				GCC_WARN_UNINITIALIZED_AUTOS = YES_AGGRESSIVE;
				GCC_WARN_UNUSED_FUNCTION = YES;
				GCC_WARN_UNUSED_VARIABLE = YES;
				LOCALIZATION_PREFERS_STRING_CATALOGS = YES;
				MACOSX_DEPLOYMENT_TARGET = 14.0;
				MTL_ENABLE_DEBUG_INFO = NO;
				MTL_FAST_MATH = YES;
				SDKROOT = macosx;
				STRING_CATALOG_GENERATE_SYMBOLS = YES;
				SWIFT_COMPILATION_MODE = wholemodule;
				SWIFT_OPTIMIZATION_LEVEL = "-O";
				VALIDATE_PRODUCT = YES;
			};
			name = Release;
		};
		C00000000000000000000003 /* Debug */ = {
			isa = XCBuildConfiguration;
			buildSettings = {
				ASSETCATALOG_COMPILER_APPICON_NAME = AppIcon;
				CODE_SIGN_STYLE = Automatic;
				CURRENT_PROJECT_VERSION = 1;
				DEAD_CODE_STRIPPING = YES;
				ENABLE_USER_SCRIPT_SANDBOXING = NO;
				GENERATE_INFOPLIST_FILE = YES;
				INFOPLIST_FILE = "OCR-Translate/App/Info.plist";
				INFOPLIST_KEY_NSHumanReadableCopyright = "";
				LD_RUNPATH_SEARCH_PATHS = (
					"$(inherited)",
					"@executable_path/../Frameworks",
				);
				MARKETING_VERSION = 1.0;
				PRODUCT_BUNDLE_IDENTIFIER = "com.ocr-translate.app";
				PRODUCT_NAME = "$(TARGET_NAME)";
				SWIFT_EMIT_LOC_STRINGS = YES;
				SWIFT_VERSION = 5.0;
			};
			name = Debug;
		};
		C00000000000000000000004 /* Release */ = {
			isa = XCBuildConfiguration;
			buildSettings = {
				ASSETCATALOG_COMPILER_APPICON_NAME = AppIcon;
				CODE_SIGN_STYLE = Automatic;
				CURRENT_PROJECT_VERSION = 1;
				DEAD_CODE_STRIPPING = YES;
				ENABLE_USER_SCRIPT_SANDBOXING = NO;
				GENERATE_INFOPLIST_FILE = YES;
				INFOPLIST_FILE = "OCR-Translate/App/Info.plist";
				INFOPLIST_KEY_NSHumanReadableCopyright = "";
				LD_RUNPATH_SEARCH_PATHS = (
					"$(inherited)",
					"@executable_path/../Frameworks",
				);
				MARKETING_VERSION = 1.0;
				PRODUCT_BUNDLE_IDENTIFIER = "com.ocr-translate.app";
				PRODUCT_NAME = "$(TARGET_NAME)";
				SWIFT_EMIT_LOC_STRINGS = YES;
				SWIFT_VERSION = 5.0;
			};
			name = Release;
		};
/* End XCBuildConfiguration section */

/* Begin XCConfigurationList section */
		L00000000000000000000001 /* Build configuration list for PBXProject "OCR-Translate" */ = {
			isa = XCConfigurationList;
			buildConfigurations = (
				C00000000000000000000001 /* Debug */,
				C00000000000000000000002 /* Release */,
			);
			defaultConfigurationIsVisible = 0;
			defaultConfigurationName = Release;
		};
		L00000000000000000000002 /* Build configuration list for PBXNativeTarget "OCR-Translate" */ = {
			isa = XCConfigurationList;
			buildConfigurations = (
				C00000000000000000000003 /* Debug */,
				C00000000000000000000004 /* Release */,
			);
			defaultConfigurationIsVisible = 0;
			defaultConfigurationName = Release;
		};
/* End XCConfigurationList section */
	};
	rootObject = J00000000000000000000001 /* Project object */;
}
